
Microsoft Visual Studio Solution File, Format Version 12.00
# Visual Studio Version 17
VisualStudioVersion = 17.5.002.0
MinimumVisualStudioVersion = 10.0.40219.1
Project("{9A19103F-16F7-4668-BE54-9A1E7A4F7556}") = "Cidades", "Cidades.csproj", "{9F383A92-BBEA-44BA-8611-E49521E59C1D}"
EndProject
Global
	GlobalSection(SolutionConfigurationPlatforms) = preSolution
		Debug|Any CPU = Debug|Any CPU
		Release|Any CPU = Release|Any CPU
	EndGlobalSection
	GlobalSection(ProjectConfigurationPlatforms) = postSolution
		{9F383A92-BBEA-44BA-8611-E49521E59C1D}.Debug|Any CPU.ActiveCfg = Debug|Any CPU
		{9F383A92-BBEA-44BA-8611-E49521E59C1D}.Debug|Any CPU.Build.0 = Debug|Any CPU
		{9F383A92-BBEA-44BA-8611-E49521E59C1D}.Release|Any CPU.ActiveCfg = Release|Any CPU
		{9F383A92-BBEA-44BA-8611-E49521E59C1D}.Release|Any CPU.Build.0 = Release|Any CPU
	EndGlobalSection
	GlobalSection(SolutionProperties) = preSolution
		HideSolutionNode = FALSE
	EndGlobalSection
	GlobalSection(ExtensibilityGlobals) = postSolution
		SolutionGuid = {0888987F-5163-4330-88E4-721DA8F45EB6}
	EndGlobalSection
EndGlobal
